
Microsoft Visual Studio Solution File, Format Version 12.00
# Visual Studio Version 17
VisualStudioVersion = 17.0.32112.339
MinimumVisualStudioVersion = 10.0.40219.1
Project("{9A19103F-16F7-4668-BE54-9A1E7A4F7556}") = "ExampleRabbitMQWeb.Watermark", "ExampleRabbitMQWeb.Watermark\ExampleRabbitMQWeb.Watermark.csproj", "{F2A5A491-9AFD-4E25-AF78-C94718E3F275}"
EndProject
Project("{9A19103F-16F7-4668-BE54-9A1E7A4F7556}") = "ExampleRabbitMQ.Publisher", "ExampleRabbitMq.Publisher\ExampleRabbitMQ.Publisher.csproj", "{BDB49838-E185-4C4D-8725-E2F1C9FBED5B}"
EndProject
Project("{9A19103F-16F7-4668-BE54-9A1E7A4F7556}") = "ExampleRabbitMQ.Subscriber", "ExampleRabbitMQ.Subscriber\ExampleRabbitMQ.Subscriber.csproj", "{003DDF5A-72BA-40DA-B844-1AD89B494F71}"
EndProject
Project("{9A19103F-16F7-4668-BE54-9A1E7A4F7556}") = "Shared", "Shared\Shared.csproj", "{A152DDC7-31CC-43E7-BC5C-3AF079594C3D}"
EndProject
Global
	GlobalSection(SolutionConfigurationPlatforms) = preSolution
		Debug|Any CPU = Debug|Any CPU
		Release|Any CPU = Release|Any CPU
	EndGlobalSection
	GlobalSection(ProjectConfigurationPlatforms) = postSolution
		{F2A5A491-9AFD-4E25-AF78-C94718E3F275}.Debug|Any CPU.ActiveCfg = Debug|Any CPU
		{F2A5A491-9AFD-4E25-AF78-C94718E3F275}.Debug|Any CPU.Build.0 = Debug|Any CPU
		{F2A5A491-9AFD-4E25-AF78-C94718E3F275}.Release|Any CPU.ActiveCfg = Release|Any CPU
		{F2A5A491-9AFD-4E25-AF78-C94718E3F275}.Release|Any CPU.Build.0 = Release|Any CPU
		{BDB49838-E185-4C4D-8725-E2F1C9FBED5B}.Debug|Any CPU.ActiveCfg = Debug|Any CPU
		{BDB49838-E185-4C4D-8725-E2F1C9FBED5B}.Debug|Any CPU.Build.0 = Debug|Any CPU
		{BDB49838-E185-4C4D-8725-E2F1C9FBED5B}.Release|Any CPU.ActiveCfg = Release|Any CPU
		{BDB49838-E185-4C4D-8725-E2F1C9FBED5B}.Release|Any CPU.Build.0 = Release|Any CPU
		{003DDF5A-72BA-40DA-B844-1AD89B494F71}.Debug|Any CPU.ActiveCfg = Debug|Any CPU
		{003DDF5A-72BA-40DA-B844-1AD89B494F71}.Debug|Any CPU.Build.0 = Debug|Any CPU
		{003DDF5A-72BA-40DA-B844-1AD89B494F71}.Release|Any CPU.ActiveCfg = Release|Any CPU
		{003DDF5A-72BA-40DA-B844-1AD89B494F71}.Release|Any CPU.Build.0 = Release|Any CPU
		{A152DDC7-31CC-43E7-BC5C-3AF079594C3D}.Debug|Any CPU.ActiveCfg = Debug|Any CPU
		{A152DDC7-31CC-43E7-BC5C-3AF079594C3D}.Debug|Any CPU.Build.0 = Debug|Any CPU
		{A152DDC7-31CC-43E7-BC5C-3AF079594C3D}.Release|Any CPU.ActiveCfg = Release|Any CPU
		{A152DDC7-31CC-43E7-BC5C-3AF079594C3D}.Release|Any CPU.Build.0 = Release|Any CPU
	EndGlobalSection
	GlobalSection(SolutionProperties) = preSolution
		HideSolutionNode = FALSE
	EndGlobalSection
	GlobalSection(ExtensibilityGlobals) = postSolution
		SolutionGuid = {B6005A34-5A8E-49DD-AFFB-378B9DF0EA4E}
	EndGlobalSection
EndGlobal
